
Microsoft Visual Studio Solution File, Format Version 12.00
# Visual Studio Version 17
VisualStudioVersion = 17.11.35303.130
MinimumVisualStudioVersion = 10.0.40219.1
Project("{9A19103F-16F7-4668-BE54-9A1E7A4F7556}") = "actividadPractica3", "actividadPractica2\actividadPractica3.csproj", "{3FD32004-043A-41E0-B60B-761874CD0D2D}"
EndProject
Global
	GlobalSection(SolutionConfigurationPlatforms) = preSolution
		Debug|Any CPU = Debug|Any CPU
		Release|Any CPU = Release|Any CPU
	EndGlobalSection
	GlobalSection(ProjectConfigurationPlatforms) = postSolution
		{3FD32004-043A-41E0-B60B-761874CD0D2D}.Debug|Any CPU.ActiveCfg = Debug|Any CPU
		{3FD32004-043A-41E0-B60B-761874CD0D2D}.Debug|Any CPU.Build.0 = Debug|Any CPU
		{3FD32004-043A-41E0-B60B-761874CD0D2D}.Release|Any CPU.ActiveCfg = Release|Any CPU
		{3FD32004-043A-41E0-B60B-761874CD0D2D}.Release|Any CPU.Build.0 = Release|Any CPU
	EndGlobalSection
	GlobalSection(SolutionProperties) = preSolution
		HideSolutionNode = FALSE
	EndGlobalSection
	GlobalSection(ExtensibilityGlobals) = postSolution
		SolutionGuid = {7F5526BB-C84C-41C1-B673-17B2B9A514D3}
	EndGlobalSection
EndGlobal
